
Microsoft Visual Studio Solution File, Format Version 12.00
# Visual Studio Version 17
VisualStudioVersion = 17.4.33213.308
MinimumVisualStudioVersion = 10.0.40219.1
Project("{FAE04EC0-301F-11D3-BF4B-00C04F79EFBC}") = "Sales.Shared", "Sales.Shared\Sales.Shared.csproj", "{3CEBBC22-86DC-4212-9BDF-CACC911D64F9}"
EndProject
Project("{FAE04EC0-301F-11D3-BF4B-00C04F79EFBC}") = "Sales.API", "Sales.API\Sales.API.csproj", "{5C9C7AFF-D976-4CA7-A7E7-01D2F2C34E5A}"
EndProject
Project("{FAE04EC0-301F-11D3-BF4B-00C04F79EFBC}") = "Sales.Web", "Sales.Web\Sales.Web.csproj", "{0BB56417-FA17-45DE-89A1-3844D999F6F5}"
EndProject
Global
	GlobalSection(SolutionConfigurationPlatforms) = preSolution
		Debug|Any CPU = Debug|Any CPU
		Release|Any CPU = Release|Any CPU
	EndGlobalSection
	GlobalSection(ProjectConfigurationPlatforms) = postSolution
		{3CEBBC22-86DC-4212-9BDF-CACC911D64F9}.Debug|Any CPU.ActiveCfg = Debug|Any CPU
		{3CEBBC22-86DC-4212-9BDF-CACC911D64F9}.Debug|Any CPU.Build.0 = Debug|Any CPU
		{3CEBBC22-86DC-4212-9BDF-CACC911D64F9}.Release|Any CPU.ActiveCfg = Release|Any CPU
		{3CEBBC22-86DC-4212-9BDF-CACC911D64F9}.Release|Any CPU.Build.0 = Release|Any CPU
		{5C9C7AFF-D976-4CA7-A7E7-01D2F2C34E5A}.Debug|Any CPU.ActiveCfg = Debug|Any CPU
		{5C9C7AFF-D976-4CA7-A7E7-01D2F2C34E5A}.Debug|Any CPU.Build.0 = Debug|Any CPU
		{5C9C7AFF-D976-4CA7-A7E7-01D2F2C34E5A}.Release|Any CPU.ActiveCfg = Release|Any CPU
		{5C9C7AFF-D976-4CA7-A7E7-01D2F2C34E5A}.Release|Any CPU.Build.0 = Release|Any CPU
		{0BB56417-FA17-45DE-89A1-3844D999F6F5}.Debug|Any CPU.ActiveCfg = Debug|Any CPU
		{0BB56417-FA17-45DE-89A1-3844D999F6F5}.Debug|Any CPU.Build.0 = Debug|Any CPU
		{0BB56417-FA17-45DE-89A1-3844D999F6F5}.Release|Any CPU.ActiveCfg = Release|Any CPU
		{0BB56417-FA17-45DE-89A1-3844D999F6F5}.Release|Any CPU.Build.0 = Release|Any CPU
	EndGlobalSection
	GlobalSection(SolutionProperties) = preSolution
		HideSolutionNode = FALSE
	EndGlobalSection
	GlobalSection(ExtensibilityGlobals) = postSolution
		SolutionGuid = {F5B271D6-D973-435F-858D-A54C7883F3EE}
	EndGlobalSection
EndGlobal
